
Microsoft Visual Studio Solution File, Format Version 12.00
# Visual Studio Version 16
VisualStudioVersion = 16.0.29424.173
MinimumVisualStudioVersion = 10.0.40219.1
Project("{FAE04EC0-301F-11D3-BF4B-00C04F79EFBC}") = "LMS 2", "LMS 2.csproj", "{F554DDF8-7EAA-406D-B41D-ED3B8ADBAAC3}"
EndProject
Global
	GlobalSection(SolutionConfigurationPlatforms) = preSolution
		Debug|Any CPU = Debug|Any CPU
		Release|Any CPU = Release|Any CPU
	EndGlobalSection
	GlobalSection(ProjectConfigurationPlatforms) = postSolution
		{F554DDF8-7EAA-406D-B41D-ED3B8ADBAAC3}.Debug|Any CPU.ActiveCfg = Debug|Any CPU
		{F554DDF8-7EAA-406D-B41D-ED3B8ADBAAC3}.Debug|Any CPU.Build.0 = Debug|Any CPU
		{F554DDF8-7EAA-406D-B41D-ED3B8ADBAAC3}.Release|Any CPU.ActiveCfg = Release|Any CPU
		{F554DDF8-7EAA-406D-B41D-ED3B8ADBAAC3}.Release|Any CPU.Build.0 = Release|Any CPU
	EndGlobalSection
	GlobalSection(SolutionProperties) = preSolution
		HideSolutionNode = FALSE
	EndGlobalSection
	GlobalSection(ExtensibilityGlobals) = postSolution
		SolutionGuid = {2B80DF1D-2161-47A9-B303-0061D00A2962}
	EndGlobalSection
EndGlobal
